
Microsoft Visual Studio Solution File, Format Version 12.00
# Visual Studio Version 16
VisualStudioVersion = 16.0.30611.23
MinimumVisualStudioVersion = 10.0.40219.1
Project("{9A19103F-16F7-4668-BE54-9A1E7A4F7556}") = "Balances.Web", "Balances.Web\Balances.Web.csproj", "{CBB3B5D0-D65F-43D0-8233-202CC4A315F9}"
EndProject
Global
	GlobalSection(SolutionConfigurationPlatforms) = preSolution
		Debug|Any CPU = Debug|Any CPU
		Release|Any CPU = Release|Any CPU
	EndGlobalSection
	GlobalSection(ProjectConfigurationPlatforms) = postSolution
		{CBB3B5D0-D65F-43D0-8233-202CC4A315F9}.Debug|Any CPU.ActiveCfg = Debug|Any CPU
		{CBB3B5D0-D65F-43D0-8233-202CC4A315F9}.Debug|Any CPU.Build.0 = Debug|Any CPU
		{CBB3B5D0-D65F-43D0-8233-202CC4A315F9}.Release|Any CPU.ActiveCfg = Release|Any CPU
		{CBB3B5D0-D65F-43D0-8233-202CC4A315F9}.Release|Any CPU.Build.0 = Release|Any CPU
	EndGlobalSection
	GlobalSection(SolutionProperties) = preSolution
		HideSolutionNode = FALSE
	EndGlobalSection
	GlobalSection(ExtensibilityGlobals) = postSolution
		SolutionGuid = {20D99FB5-ECCA-4C4B-A080-AC735EFF2439}
	EndGlobalSection
EndGlobal
